
Microsoft Visual Studio Solution File, Format Version 12.00
# Visual Studio 15
VisualStudioVersion = 15.0.28307.852
MinimumVisualStudioVersion = 10.0.40219.1
Project("{FAE04EC0-301F-11D3-BF4B-00C04F79EFBC}") = "AppendLists", "AppendLists\AppendLists.csproj", "{8854520A-434B-4D0B-9BB3-1DB08D728C25}"
EndProject
Project("{FAE04EC0-301F-11D3-BF4B-00C04F79EFBC}") = "SplitByWordCasing", "SplitByWordCasing\SplitByWordCasing.csproj", "{06BE0301-8493-468C-A35E-22D10D5C327F}"
EndProject
Project("{FAE04EC0-301F-11D3-BF4B-00C04F79EFBC}") = "SortNumbers", "SortNumbers\SortNumbers.csproj", "{CFE1FD66-34A8-4AE1-9ECD-9A298755A922}"
EndProject
Project("{FAE04EC0-301F-11D3-BF4B-00C04F79EFBC}") = "SquareNumbers", "SquareNumbers\SquareNumbers.csproj", "{251B4306-15F6-488A-BA88-E2A4715C3A05}"
EndProject
Project("{FAE04EC0-301F-11D3-BF4B-00C04F79EFBC}") = "CountNumbers", "CountNumbers\CountNumbers.csproj", "{3190CDE2-FE05-4C11-99F9-57FE8F999940}"
EndProject
Project("{FAE04EC0-301F-11D3-BF4B-00C04F79EFBC}") = "CountNumbers2", "CountNumbers2\CountNumbers2.csproj", "{57566668-25D9-4AEE-B476-0C47CC9F1A1B}"
EndProject
Project("{FAE04EC0-301F-11D3-BF4B-00C04F79EFBC}") = "RemoveAtOddPositions", "RemoveAtOddPositions\RemoveAtOddPositions.csproj", "{B2A5DEDC-6943-4EFF-9A68-90B74C18A946}"
EndProject
Project("{FAE04EC0-301F-11D3-BF4B-00C04F79EFBC}") = "TrackDownloader", "TrackDownloader\TrackDownloader.csproj", "{2AD86E2F-5A46-48F1-8A92-7742CEDE38A6}"
EndProject
Project("{FAE04EC0-301F-11D3-BF4B-00C04F79EFBC}") = "EqualSumAfterExtraction", "EqualSumAfterExtraction\EqualSumAfterExtraction.csproj", "{102269FA-AA42-4D45-8D2F-80DF8C152071}"
EndProject
Project("{FAE04EC0-301F-11D3-BF4B-00C04F79EFBC}") = "FlipListSides", "FlipListSides\FlipListSides.csproj", "{C1A29E8C-A208-484F-819A-8872D9E484CA}"
EndProject
Project("{FAE04EC0-301F-11D3-BF4B-00C04F79EFBC}") = "TearListInHalf", "TearListInHalf\TearListInHalf.csproj", "{E50296B6-FB5A-49DF-84CE-EA9E27F31296}"
EndProject
Project("{FAE04EC0-301F-11D3-BF4B-00C04F79EFBC}") = "StuckZipper", "StuckZipper\StuckZipper.csproj", "{F528EF19-F3D1-4522-94A1-038F319B6D8D}"
EndProject
Project("{FAE04EC0-301F-11D3-BF4B-00C04F79EFBC}") = "DistinctList", "DistinctList\DistinctList.csproj", "{D9FCDB7E-31E4-4240-B45C-0D4499045A03}"
EndProject
Project("{FAE04EC0-301F-11D3-BF4B-00C04F79EFBC}") = "IntegerInsertion", "IntegerInsertion\IntegerInsertion.csproj", "{ACE7D351-1667-4275-9AFC-7FA3BB8E00C2}"
EndProject
Project("{FAE04EC0-301F-11D3-BF4B-00C04F79EFBC}") = "Camel", "Camel\Camel.csproj", "{DA4195FC-C52E-4931-9300-73938382DBA1}"
EndProject
Project("{FAE04EC0-301F-11D3-BF4B-00C04F79EFBC}") = "Matrices2", "Matrices2\Matrices2.csproj", "{66FBA016-D786-412A-8C2C-8016256F454B}"
EndProject
Project("{FAE04EC0-301F-11D3-BF4B-00C04F79EFBC}") = "FlipMatrices", "FlipMatrices\FlipMatrices.csproj", "{F576EEC1-6FE1-443C-B659-A7A3EE40C2B4}"
EndProject
Project("{FAE04EC0-301F-11D3-BF4B-00C04F79EFBC}") = "Tour", "Tour\Tour.csproj", "{0067B4EF-8B88-4461-9B26-BD9F15301E12}"
EndProject
Project("{FAE04EC0-301F-11D3-BF4B-00C04F79EFBC}") = "BombNumbers", "BombNumbers\BombNumbers.csproj", "{642F6FFE-5C2B-47DD-A564-DA621067DEC1}"
EndProject
Project("{FAE04EC0-301F-11D3-BF4B-00C04F79EFBC}") = "RemoveNegativesAndReverse", "RemoveNegativesAndReverse\RemoveNegativesAndReverse.csproj", "{AEB865CC-29C2-473D-9128-E2E9AA60453E}"
EndProject
Project("{FAE04EC0-301F-11D3-BF4B-00C04F79EFBC}") = "SumAdjacentEqualNumbers", "SumAdjacentEqualNumbers\SumAdjacentEqualNumbers.csproj", "{9A94EFB9-86B9-4ADE-8602-E9792ABD46B0}"
EndProject
Project("{FAE04EC0-301F-11D3-BF4B-00C04F79EFBC}") = "MatrixOfLetters", "MatrixOfLetters\MatrixOfLetters.csproj", "{4FCA1269-8727-424A-A22F-5C7F071EE977}"
EndProject
Global
	GlobalSection(SolutionConfigurationPlatforms) = preSolution
		Debug|Any CPU = Debug|Any CPU
		Release|Any CPU = Release|Any CPU
	EndGlobalSection
	GlobalSection(ProjectConfigurationPlatforms) = postSolution
		{8854520A-434B-4D0B-9BB3-1DB08D728C25}.Debug|Any CPU.ActiveCfg = Debug|Any CPU
		{8854520A-434B-4D0B-9BB3-1DB08D728C25}.Debug|Any CPU.Build.0 = Debug|Any CPU
		{8854520A-434B-4D0B-9BB3-1DB08D728C25}.Release|Any CPU.ActiveCfg = Release|Any CPU
		{8854520A-434B-4D0B-9BB3-1DB08D728C25}.Release|Any CPU.Build.0 = Release|Any CPU
		{06BE0301-8493-468C-A35E-22D10D5C327F}.Debug|Any CPU.ActiveCfg = Debug|Any CPU
		{06BE0301-8493-468C-A35E-22D10D5C327F}.Debug|Any CPU.Build.0 = Debug|Any CPU
		{06BE0301-8493-468C-A35E-22D10D5C327F}.Release|Any CPU.ActiveCfg = Release|Any CPU
		{06BE0301-8493-468C-A35E-22D10D5C327F}.Release|Any CPU.Build.0 = Release|Any CPU
		{CFE1FD66-34A8-4AE1-9ECD-9A298755A922}.Debug|Any CPU.ActiveCfg = Debug|Any CPU
		{CFE1FD66-34A8-4AE1-9ECD-9A298755A922}.Debug|Any CPU.Build.0 = Debug|Any CPU
		{CFE1FD66-34A8-4AE1-9ECD-9A298755A922}.Release|Any CPU.ActiveCfg = Release|Any CPU
		{CFE1FD66-34A8-4AE1-9ECD-9A298755A922}.Release|Any CPU.Build.0 = Release|Any CPU
		{251B4306-15F6-488A-BA88-E2A4715C3A05}.Debug|Any CPU.ActiveCfg = Debug|Any CPU
		{251B4306-15F6-488A-BA88-E2A4715C3A05}.Debug|Any CPU.Build.0 = Debug|Any CPU
		{251B4306-15F6-488A-BA88-E2A4715C3A05}.Release|Any CPU.ActiveCfg = Release|Any CPU
		{251B4306-15F6-488A-BA88-E2A4715C3A05}.Release|Any CPU.Build.0 = Release|Any CPU
		{3190CDE2-FE05-4C11-99F9-57FE8F999940}.Debug|Any CPU.ActiveCfg = Debug|Any CPU
		{3190CDE2-FE05-4C11-99F9-57FE8F999940}.Debug|Any CPU.Build.0 = Debug|Any CPU
		{3190CDE2-FE05-4C11-99F9-57FE8F999940}.Release|Any CPU.ActiveCfg = Release|Any CPU
		{3190CDE2-FE05-4C11-99F9-57FE8F999940}.Release|Any CPU.Build.0 = Release|Any CPU
		{57566668-25D9-4AEE-B476-0C47CC9F1A1B}.Debug|Any CPU.ActiveCfg = Debug|Any CPU
		{57566668-25D9-4AEE-B476-0C47CC9F1A1B}.Debug|Any CPU.Build.0 = Debug|Any CPU
		{57566668-25D9-4AEE-B476-0C47CC9F1A1B}.Release|Any CPU.ActiveCfg = Release|Any CPU
		{57566668-25D9-4AEE-B476-0C47CC9F1A1B}.Release|Any CPU.Build.0 = Release|Any CPU
		{B2A5DEDC-6943-4EFF-9A68-90B74C18A946}.Debug|Any CPU.ActiveCfg = Debug|Any CPU
		{B2A5DEDC-6943-4EFF-9A68-90B74C18A946}.Debug|Any CPU.Build.0 = Debug|Any CPU
		{B2A5DEDC-6943-4EFF-9A68-90B74C18A946}.Release|Any CPU.ActiveCfg = Release|Any CPU
		{B2A5DEDC-6943-4EFF-9A68-90B74C18A946}.Release|Any CPU.Build.0 = Release|Any CPU
		{2AD86E2F-5A46-48F1-8A92-7742CEDE38A6}.Debug|Any CPU.ActiveCfg = Debug|Any CPU
		{2AD86E2F-5A46-48F1-8A92-7742CEDE38A6}.Debug|Any CPU.Build.0 = Debug|Any CPU
		{2AD86E2F-5A46-48F1-8A92-7742CEDE38A6}.Release|Any CPU.ActiveCfg = Release|Any CPU
		{2AD86E2F-5A46-48F1-8A92-7742CEDE38A6}.Release|Any CPU.Build.0 = Release|Any CPU
		{102269FA-AA42-4D45-8D2F-80DF8C152071}.Debug|Any CPU.ActiveCfg = Debug|Any CPU
		{102269FA-AA42-4D45-8D2F-80DF8C152071}.Debug|Any CPU.Build.0 = Debug|Any CPU
		{102269FA-AA42-4D45-8D2F-80DF8C152071}.Release|Any CPU.ActiveCfg = Release|Any CPU
		{102269FA-AA42-4D45-8D2F-80DF8C152071}.Release|Any CPU.Build.0 = Release|Any CPU
		{C1A29E8C-A208-484F-819A-8872D9E484CA}.Debug|Any CPU.ActiveCfg = Debug|Any CPU
		{C1A29E8C-A208-484F-819A-8872D9E484CA}.Debug|Any CPU.Build.0 = Debug|Any CPU
		{C1A29E8C-A208-484F-819A-8872D9E484CA}.Release|Any CPU.ActiveCfg = Release|Any CPU
		{C1A29E8C-A208-484F-819A-8872D9E484CA}.Release|Any CPU.Build.0 = Release|Any CPU
		{E50296B6-FB5A-49DF-84CE-EA9E27F31296}.Debug|Any CPU.ActiveCfg = Debug|Any CPU
		{E50296B6-FB5A-49DF-84CE-EA9E27F31296}.Debug|Any CPU.Build.0 = Debug|Any CPU
		{E50296B6-FB5A-49DF-84CE-EA9E27F31296}.Release|Any CPU.ActiveCfg = Release|Any CPU
		{E50296B6-FB5A-49DF-84CE-EA9E27F31296}.Release|Any CPU.Build.0 = Release|Any CPU
		{F528EF19-F3D1-4522-94A1-038F319B6D8D}.Debug|Any CPU.ActiveCfg = Debug|Any CPU
		{F528EF19-F3D1-4522-94A1-038F319B6D8D}.Debug|Any CPU.Build.0 = Debug|Any CPU
		{F528EF19-F3D1-4522-94A1-038F319B6D8D}.Release|Any CPU.ActiveCfg = Release|Any CPU
		{F528EF19-F3D1-4522-94A1-038F319B6D8D}.Release|Any CPU.Build.0 = Release|Any CPU
		{D9FCDB7E-31E4-4240-B45C-0D4499045A03}.Debug|Any CPU.ActiveCfg = Debug|Any CPU
		{D9FCDB7E-31E4-4240-B45C-0D4499045A03}.Debug|Any CPU.Build.0 = Debug|Any CPU
		{D9FCDB7E-31E4-4240-B45C-0D4499045A03}.Release|Any CPU.ActiveCfg = Release|Any CPU
		{D9FCDB7E-31E4-4240-B45C-0D4499045A03}.Release|Any CPU.Build.0 = Release|Any CPU
		{ACE7D351-1667-4275-9AFC-7FA3BB8E00C2}.Debug|Any CPU.ActiveCfg = Debug|Any CPU
		{ACE7D351-1667-4275-9AFC-7FA3BB8E00C2}.Debug|Any CPU.Build.0 = Debug|Any CPU
		{ACE7D351-1667-4275-9AFC-7FA3BB8E00C2}.Release|Any CPU.ActiveCfg = Release|Any CPU
		{ACE7D351-1667-4275-9AFC-7FA3BB8E00C2}.Release|Any CPU.Build.0 = Release|Any CPU
		{DA4195FC-C52E-4931-9300-73938382DBA1}.Debug|Any CPU.ActiveCfg = Debug|Any CPU
		{DA4195FC-C52E-4931-9300-73938382DBA1}.Debug|Any CPU.Build.0 = Debug|Any CPU
		{DA4195FC-C52E-4931-9300-73938382DBA1}.Release|Any CPU.ActiveCfg = Release|Any CPU
		{DA4195FC-C52E-4931-9300-73938382DBA1}.Release|Any CPU.Build.0 = Release|Any CPU
		{66FBA016-D786-412A-8C2C-8016256F454B}.Debug|Any CPU.ActiveCfg = Debug|Any CPU
		{66FBA016-D786-412A-8C2C-8016256F454B}.Debug|Any CPU.Build.0 = Debug|Any CPU
		{66FBA016-D786-412A-8C2C-8016256F454B}.Release|Any CPU.ActiveCfg = Release|Any CPU
		{66FBA016-D786-412A-8C2C-8016256F454B}.Release|Any CPU.Build.0 = Release|Any CPU
		{F576EEC1-6FE1-443C-B659-A7A3EE40C2B4}.Debug|Any CPU.ActiveCfg = Debug|Any CPU
		{F576EEC1-6FE1-443C-B659-A7A3EE40C2B4}.Debug|Any CPU.Build.0 = Debug|Any CPU
		{F576EEC1-6FE1-443C-B659-A7A3EE40C2B4}.Release|Any CPU.ActiveCfg = Release|Any CPU
		{F576EEC1-6FE1-443C-B659-A7A3EE40C2B4}.Release|Any CPU.Build.0 = Release|Any CPU
		{0067B4EF-8B88-4461-9B26-BD9F15301E12}.Debug|Any CPU.ActiveCfg = Debug|Any CPU
		{0067B4EF-8B88-4461-9B26-BD9F15301E12}.Debug|Any CPU.Build.0 = Debug|Any CPU
		{0067B4EF-8B88-4461-9B26-BD9F15301E12}.Release|Any CPU.ActiveCfg = Release|Any CPU
		{0067B4EF-8B88-4461-9B26-BD9F15301E12}.Release|Any CPU.Build.0 = Release|Any CPU
		{642F6FFE-5C2B-47DD-A564-DA621067DEC1}.Debug|Any CPU.ActiveCfg = Debug|Any CPU
		{642F6FFE-5C2B-47DD-A564-DA621067DEC1}.Debug|Any CPU.Build.0 = Debug|Any CPU
		{642F6FFE-5C2B-47DD-A564-DA621067DEC1}.Release|Any CPU.ActiveCfg = Release|Any CPU
		{642F6FFE-5C2B-47DD-A564-DA621067DEC1}.Release|Any CPU.Build.0 = Release|Any CPU
		{AEB865CC-29C2-473D-9128-E2E9AA60453E}.Debug|Any CPU.ActiveCfg = Debug|Any CPU
		{AEB865CC-29C2-473D-9128-E2E9AA60453E}.Debug|Any CPU.Build.0 = Debug|Any CPU
		{AEB865CC-29C2-473D-9128-E2E9AA60453E}.Release|Any CPU.ActiveCfg = Release|Any CPU
		{AEB865CC-29C2-473D-9128-E2E9AA60453E}.Release|Any CPU.Build.0 = Release|Any CPU
		{9A94EFB9-86B9-4ADE-8602-E9792ABD46B0}.Debug|Any CPU.ActiveCfg = Debug|Any CPU
		{9A94EFB9-86B9-4ADE-8602-E9792ABD46B0}.Debug|Any CPU.Build.0 = Debug|Any CPU
		{9A94EFB9-86B9-4ADE-8602-E9792ABD46B0}.Release|Any CPU.ActiveCfg = Release|Any CPU
		{9A94EFB9-86B9-4ADE-8602-E9792ABD46B0}.Release|Any CPU.Build.0 = Release|Any CPU
		{4FCA1269-8727-424A-A22F-5C7F071EE977}.Debug|Any CPU.ActiveCfg = Debug|Any CPU
		{4FCA1269-8727-424A-A22F-5C7F071EE977}.Debug|Any CPU.Build.0 = Debug|Any CPU
		{4FCA1269-8727-424A-A22F-5C7F071EE977}.Release|Any CPU.ActiveCfg = Release|Any CPU
		{4FCA1269-8727-424A-A22F-5C7F071EE977}.Release|Any CPU.Build.0 = Release|Any CPU
	EndGlobalSection
	GlobalSection(SolutionProperties) = preSolution
		HideSolutionNode = FALSE
	EndGlobalSection
	GlobalSection(ExtensibilityGlobals) = postSolution
		SolutionGuid = {612DE990-6267-4FF5-96BF-A34145E683FB}
	EndGlobalSection
EndGlobal
