
Microsoft Visual Studio Solution File, Format Version 12.00
# Visual Studio 15
VisualStudioVersion = 15.0.28307.1022
MinimumVisualStudioVersion = 10.0.40219.1
Project("{FAE04EC0-301F-11D3-BF4B-00C04F79EFBC}") = "AppendLists", "AppendLists\AppendLists.csproj", "{8854520A-434B-4D0B-9BB3-1DB08D728C25}"
EndProject
Project("{FAE04EC0-301F-11D3-BF4B-00C04F79EFBC}") = "SplitByWordCasing", "SplitByWordCasing\SplitByWordCasing.csproj", "{06BE0301-8493-468C-A35E-22D10D5C327F}"
EndProject
Project("{FAE04EC0-301F-11D3-BF4B-00C04F79EFBC}") = "SortNumbers", "SortNumbers\SortNumbers.csproj", "{CFE1FD66-34A8-4AE1-9ECD-9A298755A922}"
EndProject
Project("{FAE04EC0-301F-11D3-BF4B-00C04F79EFBC}") = "SquareNumbers", "SquareNumbers\SquareNumbers.csproj", "{251B4306-15F6-488A-BA88-E2A4715C3A05}"
EndProject
Project("{FAE04EC0-301F-11D3-BF4B-00C04F79EFBC}") = "CountNumbers", "CountNumbers\CountNumbers.csproj", "{3190CDE2-FE05-4C11-99F9-57FE8F999940}"
EndProject
Project("{FAE04EC0-301F-11D3-BF4B-00C04F79EFBC}") = "CountNumbers2", "CountNumbers2\CountNumbers2.csproj", "{57566668-25D9-4AEE-B476-0C47CC9F1A1B}"
EndProject
Project("{FAE04EC0-301F-11D3-BF4B-00C04F79EFBC}") = "RemoveAtOddPositions", "RemoveAtOddPositions\RemoveAtOddPositions.csproj", "{B2A5DEDC-6943-4EFF-9A68-90B74C18A946}"
EndProject
Project("{FAE04EC0-301F-11D3-BF4B-00C04F79EFBC}") = "TrackDownloader", "TrackDownloader\TrackDownloader.csproj", "{2AD86E2F-5A46-48F1-8A92-7742CEDE38A6}"
EndProject
Project("{FAE04EC0-301F-11D3-BF4B-00C04F79EFBC}") = "EqualSumAfterExtraction", "EqualSumAfterExtraction\EqualSumAfterExtraction.csproj", "{102269FA-AA42-4D45-8D2F-80DF8C152071}"
EndProject
Project("{FAE04EC0-301F-11D3-BF4B-00C04F79EFBC}") = "FlipListSides", "FlipListSides\FlipListSides.csproj", "{C1A29E8C-A208-484F-819A-8872D9E484CA}"
EndProject
Project("{FAE04EC0-301F-11D3-BF4B-00C04F79EFBC}") = "TearListInHalf", "TearListInHalf\TearListInHalf.csproj", "{E50296B6-FB5A-49DF-84CE-EA9E27F31296}"
EndProject
Project("{FAE04EC0-301F-11D3-BF4B-00C04F79EFBC}") = "StuckZipper", "StuckZipper\StuckZipper.csproj", "{F528EF19-F3D1-4522-94A1-038F319B6D8D}"
EndProject
Project("{FAE04EC0-301F-11D3-BF4B-00C04F79EFBC}") = "DistinctList", "DistinctList\DistinctList.csproj", "{D9FCDB7E-31E4-4240-B45C-0D4499045A03}"
EndProject
Project("{FAE04EC0-301F-11D3-BF4B-00C04F79EFBC}") = "IntegerInsertion", "IntegerInsertion\IntegerInsertion.csproj", "{ACE7D351-1667-4275-9AFC-7FA3BB8E00C2}"
EndProject
Project("{FAE04EC0-301F-11D3-BF4B-00C04F79EFBC}") = "Camel", "Camel\Camel.csproj", "{DA4195FC-C52E-4931-9300-73938382DBA1}"
EndProject
Project("{FAE04EC0-301F-11D3-BF4B-00C04F79EFBC}") = "NoteStatistics", "NoteStatistics\NoteStatistics.csproj", "{7139CFC7-A8A0-4AC9-9693-2F8A7AEB3FA5}"
EndProject
Project("{FAE04EC0-301F-11D3-BF4B-00C04F79EFBC}") = "MaxSequenceOfEqualElements", "MaxSequenceOfEqualElements\MaxSequenceOfEqualElements.csproj", "{86CEDFD7-86D0-49D5-95EC-A020A2BF1E06}"
EndProject
Project("{FAE04EC0-301F-11D3-BF4B-00C04F79EFBC}") = "MatrixOfPalindromes", "MatrixOfPalindromes\MatrixOfPalindromes.csproj", "{DE25CD38-DDAC-4E9D-8929-ED82994B77E4}"
EndProject
Project("{FAE04EC0-301F-11D3-BF4B-00C04F79EFBC}") = "AccountCanNotHaveNegativeOVerdraft", "AccountCanNotHaveNegativeOVerdraft\AccountCanNotHaveNegativeOVerdraft.csproj", "{B2719FD5-4556-4049-BE11-AB8A260D4F63}"
EndProject
Project("{FAE04EC0-301F-11D3-BF4B-00C04F79EFBC}") = "DiagonalDifference", "DiagonalDifference\DiagonalDifference.csproj", "{B4C3247A-F322-46D6-B07F-3280C0E52DA7}"
EndProject
Project("{FAE04EC0-301F-11D3-BF4B-00C04F79EFBC}") = "SquareMatrix", "SquareMatrix\SquareMatrix.csproj", "{80435FD6-76BE-4B08-97F7-9A11862F1786}"
EndProject
Project("{FAE04EC0-301F-11D3-BF4B-00C04F79EFBC}") = "MaxPlatform", "MaxPlatform\MaxPlatform.csproj", "{E5D54A74-A797-456C-8D24-943ECF1A258E}"
EndProject
Project("{FAE04EC0-301F-11D3-BF4B-00C04F79EFBC}") = "HourGlassSum", "HourGlassSum\HourGlassSum.csproj", "{1B48D9B2-D23E-4A99-8C1F-B7422827791F}"
EndProject
Project("{FAE04EC0-301F-11D3-BF4B-00C04F79EFBC}") = "Matrices", "Matrices\Matrices.csproj", "{F22FE347-8CB4-41C0-A9C7-AAE4B7CFA46D}"
EndProject
Project("{FAE04EC0-301F-11D3-BF4B-00C04F79EFBC}") = "MatrixOfLetters", "MatrixOfLetters\MatrixOfLetters.csproj", "{C5EA4F93-ADB9-465C-A024-920C9D366A39}"
EndProject
Project("{FAE04EC0-301F-11D3-BF4B-00C04F79EFBC}") = "ArrayManipulator2", "ArrayManipulator2\ArrayManipulator2.csproj", "{27059D6A-1315-4377-9CA4-E81C0A8FB6C9}"
EndProject
Project("{FAE04EC0-301F-11D3-BF4B-00C04F79EFBC}") = "BombNumbers2", "BombNumbers2\BombNumbers2.csproj", "{29AEBF48-DD75-43B9-A0D2-57EB6E551469}"
EndProject
Project("{FAE04EC0-301F-11D3-BF4B-00C04F79EFBC}") = "BombNumbers", "BombNumbers\BombNumbers.csproj", "{642F6FFE-5C2B-47DD-A564-DA621067DEC1}"
EndProject
Project("{FAE04EC0-301F-11D3-BF4B-00C04F79EFBC}") = "RotateMatrix", "RotateMatrix\RotateMatrix.csproj", "{CBBFE641-C76C-4B56-A60D-85FA0904A29E}"
EndProject
Project("{FAE04EC0-301F-11D3-BF4B-00C04F79EFBC}") = "Tour3", "Tour3\Tour3.csproj", "{507460DE-55F5-4F89-B05F-48302120D827}"
EndProject
Global
	GlobalSection(SolutionConfigurationPlatforms) = preSolution
		Debug|Any CPU = Debug|Any CPU
		Release|Any CPU = Release|Any CPU
	EndGlobalSection
	GlobalSection(ProjectConfigurationPlatforms) = postSolution
		{8854520A-434B-4D0B-9BB3-1DB08D728C25}.Debug|Any CPU.ActiveCfg = Debug|Any CPU
		{8854520A-434B-4D0B-9BB3-1DB08D728C25}.Debug|Any CPU.Build.0 = Debug|Any CPU
		{8854520A-434B-4D0B-9BB3-1DB08D728C25}.Release|Any CPU.ActiveCfg = Release|Any CPU
		{8854520A-434B-4D0B-9BB3-1DB08D728C25}.Release|Any CPU.Build.0 = Release|Any CPU
		{06BE0301-8493-468C-A35E-22D10D5C327F}.Debug|Any CPU.ActiveCfg = Debug|Any CPU
		{06BE0301-8493-468C-A35E-22D10D5C327F}.Debug|Any CPU.Build.0 = Debug|Any CPU
		{06BE0301-8493-468C-A35E-22D10D5C327F}.Release|Any CPU.ActiveCfg = Release|Any CPU
		{06BE0301-8493-468C-A35E-22D10D5C327F}.Release|Any CPU.Build.0 = Release|Any CPU
		{CFE1FD66-34A8-4AE1-9ECD-9A298755A922}.Debug|Any CPU.ActiveCfg = Debug|Any CPU
		{CFE1FD66-34A8-4AE1-9ECD-9A298755A922}.Debug|Any CPU.Build.0 = Debug|Any CPU
		{CFE1FD66-34A8-4AE1-9ECD-9A298755A922}.Release|Any CPU.ActiveCfg = Release|Any CPU
		{CFE1FD66-34A8-4AE1-9ECD-9A298755A922}.Release|Any CPU.Build.0 = Release|Any CPU
		{251B4306-15F6-488A-BA88-E2A4715C3A05}.Debug|Any CPU.ActiveCfg = Debug|Any CPU
		{251B4306-15F6-488A-BA88-E2A4715C3A05}.Debug|Any CPU.Build.0 = Debug|Any CPU
		{251B4306-15F6-488A-BA88-E2A4715C3A05}.Release|Any CPU.ActiveCfg = Release|Any CPU
		{251B4306-15F6-488A-BA88-E2A4715C3A05}.Release|Any CPU.Build.0 = Release|Any CPU
		{3190CDE2-FE05-4C11-99F9-57FE8F999940}.Debug|Any CPU.ActiveCfg = Debug|Any CPU
		{3190CDE2-FE05-4C11-99F9-57FE8F999940}.Debug|Any CPU.Build.0 = Debug|Any CPU
		{3190CDE2-FE05-4C11-99F9-57FE8F999940}.Release|Any CPU.ActiveCfg = Release|Any CPU
		{3190CDE2-FE05-4C11-99F9-57FE8F999940}.Release|Any CPU.Build.0 = Release|Any CPU
		{57566668-25D9-4AEE-B476-0C47CC9F1A1B}.Debug|Any CPU.ActiveCfg = Debug|Any CPU
		{57566668-25D9-4AEE-B476-0C47CC9F1A1B}.Debug|Any CPU.Build.0 = Debug|Any CPU
		{57566668-25D9-4AEE-B476-0C47CC9F1A1B}.Release|Any CPU.ActiveCfg = Release|Any CPU
		{57566668-25D9-4AEE-B476-0C47CC9F1A1B}.Release|Any CPU.Build.0 = Release|Any CPU
		{B2A5DEDC-6943-4EFF-9A68-90B74C18A946}.Debug|Any CPU.ActiveCfg = Debug|Any CPU
		{B2A5DEDC-6943-4EFF-9A68-90B74C18A946}.Debug|Any CPU.Build.0 = Debug|Any CPU
		{B2A5DEDC-6943-4EFF-9A68-90B74C18A946}.Release|Any CPU.ActiveCfg = Release|Any CPU
		{B2A5DEDC-6943-4EFF-9A68-90B74C18A946}.Release|Any CPU.Build.0 = Release|Any CPU
		{2AD86E2F-5A46-48F1-8A92-7742CEDE38A6}.Debug|Any CPU.ActiveCfg = Debug|Any CPU
		{2AD86E2F-5A46-48F1-8A92-7742CEDE38A6}.Debug|Any CPU.Build.0 = Debug|Any CPU
		{2AD86E2F-5A46-48F1-8A92-7742CEDE38A6}.Release|Any CPU.ActiveCfg = Release|Any CPU
		{2AD86E2F-5A46-48F1-8A92-7742CEDE38A6}.Release|Any CPU.Build.0 = Release|Any CPU
		{102269FA-AA42-4D45-8D2F-80DF8C152071}.Debug|Any CPU.ActiveCfg = Debug|Any CPU
		{102269FA-AA42-4D45-8D2F-80DF8C152071}.Debug|Any CPU.Build.0 = Debug|Any CPU
		{102269FA-AA42-4D45-8D2F-80DF8C152071}.Release|Any CPU.ActiveCfg = Release|Any CPU
		{102269FA-AA42-4D45-8D2F-80DF8C152071}.Release|Any CPU.Build.0 = Release|Any CPU
		{C1A29E8C-A208-484F-819A-8872D9E484CA}.Debug|Any CPU.ActiveCfg = Debug|Any CPU
		{C1A29E8C-A208-484F-819A-8872D9E484CA}.Debug|Any CPU.Build.0 = Debug|Any CPU
		{C1A29E8C-A208-484F-819A-8872D9E484CA}.Release|Any CPU.ActiveCfg = Release|Any CPU
		{C1A29E8C-A208-484F-819A-8872D9E484CA}.Release|Any CPU.Build.0 = Release|Any CPU
		{E50296B6-FB5A-49DF-84CE-EA9E27F31296}.Debug|Any CPU.ActiveCfg = Debug|Any CPU
		{E50296B6-FB5A-49DF-84CE-EA9E27F31296}.Debug|Any CPU.Build.0 = Debug|Any CPU
		{E50296B6-FB5A-49DF-84CE-EA9E27F31296}.Release|Any CPU.ActiveCfg = Release|Any CPU
		{E50296B6-FB5A-49DF-84CE-EA9E27F31296}.Release|Any CPU.Build.0 = Release|Any CPU
		{F528EF19-F3D1-4522-94A1-038F319B6D8D}.Debug|Any CPU.ActiveCfg = Debug|Any CPU
		{F528EF19-F3D1-4522-94A1-038F319B6D8D}.Debug|Any CPU.Build.0 = Debug|Any CPU
		{F528EF19-F3D1-4522-94A1-038F319B6D8D}.Release|Any CPU.ActiveCfg = Release|Any CPU
		{F528EF19-F3D1-4522-94A1-038F319B6D8D}.Release|Any CPU.Build.0 = Release|Any CPU
		{D9FCDB7E-31E4-4240-B45C-0D4499045A03}.Debug|Any CPU.ActiveCfg = Debug|Any CPU
		{D9FCDB7E-31E4-4240-B45C-0D4499045A03}.Debug|Any CPU.Build.0 = Debug|Any CPU
		{D9FCDB7E-31E4-4240-B45C-0D4499045A03}.Release|Any CPU.ActiveCfg = Release|Any CPU
		{D9FCDB7E-31E4-4240-B45C-0D4499045A03}.Release|Any CPU.Build.0 = Release|Any CPU
		{ACE7D351-1667-4275-9AFC-7FA3BB8E00C2}.Debug|Any CPU.ActiveCfg = Debug|Any CPU
		{ACE7D351-1667-4275-9AFC-7FA3BB8E00C2}.Debug|Any CPU.Build.0 = Debug|Any CPU
		{ACE7D351-1667-4275-9AFC-7FA3BB8E00C2}.Release|Any CPU.ActiveCfg = Release|Any CPU
		{ACE7D351-1667-4275-9AFC-7FA3BB8E00C2}.Release|Any CPU.Build.0 = Release|Any CPU
		{DA4195FC-C52E-4931-9300-73938382DBA1}.Debug|Any CPU.ActiveCfg = Debug|Any CPU
		{DA4195FC-C52E-4931-9300-73938382DBA1}.Debug|Any CPU.Build.0 = Debug|Any CPU
		{DA4195FC-C52E-4931-9300-73938382DBA1}.Release|Any CPU.ActiveCfg = Release|Any CPU
		{DA4195FC-C52E-4931-9300-73938382DBA1}.Release|Any CPU.Build.0 = Release|Any CPU
		{7139CFC7-A8A0-4AC9-9693-2F8A7AEB3FA5}.Debug|Any CPU.ActiveCfg = Debug|Any CPU
		{7139CFC7-A8A0-4AC9-9693-2F8A7AEB3FA5}.Debug|Any CPU.Build.0 = Debug|Any CPU
		{7139CFC7-A8A0-4AC9-9693-2F8A7AEB3FA5}.Release|Any CPU.ActiveCfg = Release|Any CPU
		{7139CFC7-A8A0-4AC9-9693-2F8A7AEB3FA5}.Release|Any CPU.Build.0 = Release|Any CPU
		{86CEDFD7-86D0-49D5-95EC-A020A2BF1E06}.Debug|Any CPU.ActiveCfg = Debug|Any CPU
		{86CEDFD7-86D0-49D5-95EC-A020A2BF1E06}.Debug|Any CPU.Build.0 = Debug|Any CPU
		{86CEDFD7-86D0-49D5-95EC-A020A2BF1E06}.Release|Any CPU.ActiveCfg = Release|Any CPU
		{86CEDFD7-86D0-49D5-95EC-A020A2BF1E06}.Release|Any CPU.Build.0 = Release|Any CPU
		{DE25CD38-DDAC-4E9D-8929-ED82994B77E4}.Debug|Any CPU.ActiveCfg = Debug|Any CPU
		{DE25CD38-DDAC-4E9D-8929-ED82994B77E4}.Debug|Any CPU.Build.0 = Debug|Any CPU
		{DE25CD38-DDAC-4E9D-8929-ED82994B77E4}.Release|Any CPU.ActiveCfg = Release|Any CPU
		{DE25CD38-DDAC-4E9D-8929-ED82994B77E4}.Release|Any CPU.Build.0 = Release|Any CPU
		{B2719FD5-4556-4049-BE11-AB8A260D4F63}.Debug|Any CPU.ActiveCfg = Debug|Any CPU
		{B2719FD5-4556-4049-BE11-AB8A260D4F63}.Debug|Any CPU.Build.0 = Debug|Any CPU
		{B2719FD5-4556-4049-BE11-AB8A260D4F63}.Release|Any CPU.ActiveCfg = Release|Any CPU
		{B2719FD5-4556-4049-BE11-AB8A260D4F63}.Release|Any CPU.Build.0 = Release|Any CPU
		{B4C3247A-F322-46D6-B07F-3280C0E52DA7}.Debug|Any CPU.ActiveCfg = Debug|Any CPU
		{B4C3247A-F322-46D6-B07F-3280C0E52DA7}.Debug|Any CPU.Build.0 = Debug|Any CPU
		{B4C3247A-F322-46D6-B07F-3280C0E52DA7}.Release|Any CPU.ActiveCfg = Release|Any CPU
		{B4C3247A-F322-46D6-B07F-3280C0E52DA7}.Release|Any CPU.Build.0 = Release|Any CPU
		{80435FD6-76BE-4B08-97F7-9A11862F1786}.Debug|Any CPU.ActiveCfg = Debug|Any CPU
		{80435FD6-76BE-4B08-97F7-9A11862F1786}.Debug|Any CPU.Build.0 = Debug|Any CPU
		{80435FD6-76BE-4B08-97F7-9A11862F1786}.Release|Any CPU.ActiveCfg = Release|Any CPU
		{80435FD6-76BE-4B08-97F7-9A11862F1786}.Release|Any CPU.Build.0 = Release|Any CPU
		{E5D54A74-A797-456C-8D24-943ECF1A258E}.Debug|Any CPU.ActiveCfg = Debug|Any CPU
		{E5D54A74-A797-456C-8D24-943ECF1A258E}.Debug|Any CPU.Build.0 = Debug|Any CPU
		{E5D54A74-A797-456C-8D24-943ECF1A258E}.Release|Any CPU.ActiveCfg = Release|Any CPU
		{E5D54A74-A797-456C-8D24-943ECF1A258E}.Release|Any CPU.Build.0 = Release|Any CPU
		{1B48D9B2-D23E-4A99-8C1F-B7422827791F}.Debug|Any CPU.ActiveCfg = Debug|Any CPU
		{1B48D9B2-D23E-4A99-8C1F-B7422827791F}.Debug|Any CPU.Build.0 = Debug|Any CPU
		{1B48D9B2-D23E-4A99-8C1F-B7422827791F}.Release|Any CPU.ActiveCfg = Release|Any CPU
		{1B48D9B2-D23E-4A99-8C1F-B7422827791F}.Release|Any CPU.Build.0 = Release|Any CPU
		{F22FE347-8CB4-41C0-A9C7-AAE4B7CFA46D}.Debug|Any CPU.ActiveCfg = Debug|Any CPU
		{F22FE347-8CB4-41C0-A9C7-AAE4B7CFA46D}.Debug|Any CPU.Build.0 = Debug|Any CPU
		{F22FE347-8CB4-41C0-A9C7-AAE4B7CFA46D}.Release|Any CPU.ActiveCfg = Release|Any CPU
		{F22FE347-8CB4-41C0-A9C7-AAE4B7CFA46D}.Release|Any CPU.Build.0 = Release|Any CPU
		{C5EA4F93-ADB9-465C-A024-920C9D366A39}.Debug|Any CPU.ActiveCfg = Debug|Any CPU
		{C5EA4F93-ADB9-465C-A024-920C9D366A39}.Debug|Any CPU.Build.0 = Debug|Any CPU
		{C5EA4F93-ADB9-465C-A024-920C9D366A39}.Release|Any CPU.ActiveCfg = Release|Any CPU
		{C5EA4F93-ADB9-465C-A024-920C9D366A39}.Release|Any CPU.Build.0 = Release|Any CPU
		{27059D6A-1315-4377-9CA4-E81C0A8FB6C9}.Debug|Any CPU.ActiveCfg = Debug|Any CPU
		{27059D6A-1315-4377-9CA4-E81C0A8FB6C9}.Debug|Any CPU.Build.0 = Debug|Any CPU
		{27059D6A-1315-4377-9CA4-E81C0A8FB6C9}.Release|Any CPU.ActiveCfg = Release|Any CPU
		{27059D6A-1315-4377-9CA4-E81C0A8FB6C9}.Release|Any CPU.Build.0 = Release|Any CPU
		{29AEBF48-DD75-43B9-A0D2-57EB6E551469}.Debug|Any CPU.ActiveCfg = Debug|Any CPU
		{29AEBF48-DD75-43B9-A0D2-57EB6E551469}.Debug|Any CPU.Build.0 = Debug|Any CPU
		{29AEBF48-DD75-43B9-A0D2-57EB6E551469}.Release|Any CPU.ActiveCfg = Release|Any CPU
		{29AEBF48-DD75-43B9-A0D2-57EB6E551469}.Release|Any CPU.Build.0 = Release|Any CPU
		{642F6FFE-5C2B-47DD-A564-DA621067DEC1}.Debug|Any CPU.ActiveCfg = Debug|Any CPU
		{642F6FFE-5C2B-47DD-A564-DA621067DEC1}.Debug|Any CPU.Build.0 = Debug|Any CPU
		{642F6FFE-5C2B-47DD-A564-DA621067DEC1}.Release|Any CPU.ActiveCfg = Release|Any CPU
		{642F6FFE-5C2B-47DD-A564-DA621067DEC1}.Release|Any CPU.Build.0 = Release|Any CPU
		{CBBFE641-C76C-4B56-A60D-85FA0904A29E}.Debug|Any CPU.ActiveCfg = Debug|Any CPU
		{CBBFE641-C76C-4B56-A60D-85FA0904A29E}.Debug|Any CPU.Build.0 = Debug|Any CPU
		{CBBFE641-C76C-4B56-A60D-85FA0904A29E}.Release|Any CPU.ActiveCfg = Release|Any CPU
		{CBBFE641-C76C-4B56-A60D-85FA0904A29E}.Release|Any CPU.Build.0 = Release|Any CPU
		{507460DE-55F5-4F89-B05F-48302120D827}.Debug|Any CPU.ActiveCfg = Debug|Any CPU
		{507460DE-55F5-4F89-B05F-48302120D827}.Debug|Any CPU.Build.0 = Debug|Any CPU
		{507460DE-55F5-4F89-B05F-48302120D827}.Release|Any CPU.ActiveCfg = Release|Any CPU
		{507460DE-55F5-4F89-B05F-48302120D827}.Release|Any CPU.Build.0 = Release|Any CPU
	EndGlobalSection
	GlobalSection(SolutionProperties) = preSolution
		HideSolutionNode = FALSE
	EndGlobalSection
	GlobalSection(ExtensibilityGlobals) = postSolution
		SolutionGuid = {612DE990-6267-4FF5-96BF-A34145E683FB}
	EndGlobalSection
EndGlobal
